
Microsoft Visual Studio Solution File, Format Version 12.00
# Visual Studio Version 17
VisualStudioVersion = 17.7.34031.279
MinimumVisualStudioVersion = 10.0.40219.1
Project("{FAE04EC0-301F-11D3-BF4B-00C04F79EFBC}") = "TP1_DOTNET", "TP1_DOTNET\TP1_DOTNET.csproj", "{CCDCAD02-507D-44D9-8AE4-4A214A530315}"
EndProject
Global
	GlobalSection(SolutionConfigurationPlatforms) = preSolution
		Debug|Any CPU = Debug|Any CPU
		Release|Any CPU = Release|Any CPU
	EndGlobalSection
	GlobalSection(ProjectConfigurationPlatforms) = postSolution
		{CCDCAD02-507D-44D9-8AE4-4A214A530315}.Debug|Any CPU.ActiveCfg = Debug|Any CPU
		{CCDCAD02-507D-44D9-8AE4-4A214A530315}.Debug|Any CPU.Build.0 = Debug|Any CPU
		{CCDCAD02-507D-44D9-8AE4-4A214A530315}.Release|Any CPU.ActiveCfg = Release|Any CPU
		{CCDCAD02-507D-44D9-8AE4-4A214A530315}.Release|Any CPU.Build.0 = Release|Any CPU
	EndGlobalSection
	GlobalSection(SolutionProperties) = preSolution
		HideSolutionNode = FALSE
	EndGlobalSection
	GlobalSection(ExtensibilityGlobals) = postSolution
		SolutionGuid = {85840CA2-F78A-40FC-ADBD-AD039DF91038}
	EndGlobalSection
EndGlobal
